
Microsoft Visual Studio Solution File, Format Version 12.00
# Visual Studio Version 17
VisualStudioVersion = 17.5.33516.290
MinimumVisualStudioVersion = 10.0.40219.1
Project("{FAE04EC0-301F-11D3-BF4B-00C04F79EFBC}") = "LethalRebinding", "LethalRebinding\LethalRebinding.csproj", "{E4DB0F8D-CE35-48E6-9FD4-928BC0A5F2FE}"
EndProject
Global
	GlobalSection(SolutionConfigurationPlatforms) = preSolution
		Debug|Any CPU = Debug|Any CPU
		Release|Any CPU = Release|Any CPU
	EndGlobalSection
	GlobalSection(ProjectConfigurationPlatforms) = postSolution
		{E4DB0F8D-CE35-48E6-9FD4-928BC0A5F2FE}.Debug|Any CPU.ActiveCfg = Debug|Any CPU
		{E4DB0F8D-CE35-48E6-9FD4-928BC0A5F2FE}.Debug|Any CPU.Build.0 = Debug|Any CPU
		{E4DB0F8D-CE35-48E6-9FD4-928BC0A5F2FE}.Release|Any CPU.ActiveCfg = Release|Any CPU
		{E4DB0F8D-CE35-48E6-9FD4-928BC0A5F2FE}.Release|Any CPU.Build.0 = Release|Any CPU
	EndGlobalSection
	GlobalSection(SolutionProperties) = preSolution
		HideSolutionNode = FALSE
	EndGlobalSection
	GlobalSection(ExtensibilityGlobals) = postSolution
		SolutionGuid = {26362D9B-BF7F-4509-AFDB-35FC359205AE}
	EndGlobalSection
EndGlobal
